
Microsoft Visual Studio Solution File, Format Version 12.00
# Visual Studio Version 17
VisualStudioVersion = 17.3.32825.248
MinimumVisualStudioVersion = 10.0.40219.1
Project("{9A19103F-16F7-4668-BE54-9A1E7A4F7556}") = "TaskForSturtUp", "TaskForSturtUp\TaskForSturtUp.csproj", "{0C4AE416-0DA4-4B9D-ABEF-08000F7675BD}"
EndProject
Project("{9A19103F-16F7-4668-BE54-9A1E7A4F7556}") = "ClassLibraryPart_1", "ClassLibraryPart_1\ClassLibraryPart_1.csproj", "{20DDEC63-2749-48B0-A920-028EDD9B2486}"
EndProject
Project("{FAE04EC0-301F-11D3-BF4B-00C04F79EFBC}") = "SourceGenerator", "SourceGenerator\SourceGenerator.csproj", "{20613C23-0653-4836-8969-B39511695347}"
EndProject
Global
	GlobalSection(SolutionConfigurationPlatforms) = preSolution
		Debug|Any CPU = Debug|Any CPU
		Release|Any CPU = Release|Any CPU
	EndGlobalSection
	GlobalSection(ProjectConfigurationPlatforms) = postSolution
		{0C4AE416-0DA4-4B9D-ABEF-08000F7675BD}.Debug|Any CPU.ActiveCfg = Debug|Any CPU
		{0C4AE416-0DA4-4B9D-ABEF-08000F7675BD}.Debug|Any CPU.Build.0 = Debug|Any CPU
		{0C4AE416-0DA4-4B9D-ABEF-08000F7675BD}.Release|Any CPU.ActiveCfg = Release|Any CPU
		{0C4AE416-0DA4-4B9D-ABEF-08000F7675BD}.Release|Any CPU.Build.0 = Release|Any CPU
		{20DDEC63-2749-48B0-A920-028EDD9B2486}.Debug|Any CPU.ActiveCfg = Debug|Any CPU
		{20DDEC63-2749-48B0-A920-028EDD9B2486}.Debug|Any CPU.Build.0 = Debug|Any CPU
		{20DDEC63-2749-48B0-A920-028EDD9B2486}.Release|Any CPU.ActiveCfg = Release|Any CPU
		{20DDEC63-2749-48B0-A920-028EDD9B2486}.Release|Any CPU.Build.0 = Release|Any CPU
		{20613C23-0653-4836-8969-B39511695347}.Debug|Any CPU.ActiveCfg = Debug|Any CPU
		{20613C23-0653-4836-8969-B39511695347}.Debug|Any CPU.Build.0 = Debug|Any CPU
		{20613C23-0653-4836-8969-B39511695347}.Release|Any CPU.ActiveCfg = Release|Any CPU
		{20613C23-0653-4836-8969-B39511695347}.Release|Any CPU.Build.0 = Release|Any CPU
	EndGlobalSection
	GlobalSection(SolutionProperties) = preSolution
		HideSolutionNode = FALSE
	EndGlobalSection
	GlobalSection(ExtensibilityGlobals) = postSolution
		SolutionGuid = {128E2427-70A5-48B6-840E-6B279ED700A6}
	EndGlobalSection
EndGlobal
